<?xml version="1.0" encoding="utf-8"?>
<Project ToolsVersion="4.0" xmlns="http://schemas.microsoft.com/developer/msbuild/2003">
  <ItemGroup>
    <Filter Include="Resource Files">
      <UniqueIdentifier>{67DA6AB6-F800-4c08-8B7A-83BB121AAD01}</UniqueIdentifier>
      <Extensions>rc;ico;cur;bmp;dlg;rc2;rct;bin;rgs;gif;jpg;jpeg;jpe;resx;tiff;tif;png;wav;mfcribbon-ms</Extensions>
    </Filter>
    <Filter Include="src">
      <UniqueIdentifier>{89bab023-90e9-485d-b302-284ebf976919}</UniqueIdentifier>
    </Filter>
    <Filter Include="src\Scene">
      <UniqueIdentifier>{c090c172-8566-4162-805b-05970c4d6170}</UniqueIdentifier>
    </Filter>
    <Filter Include="src\Render">
      <UniqueIdentifier>{3ab34b05-2882-4374-a32e-575244cdd694}</UniqueIdentifier>
    </Filter>
    <Filter Include="src\Camera">
      <UniqueIdentifier>{b3f1a353-8d5d-49db-bd62-3c5a079e8141}</UniqueIdentifier>
    </Filter>
    <Filter Include="src\Base">
      <UniqueIdentifier>{c2d0d74d-1196-400c-8c26-0c9b3a23022f}</UniqueIdentifier>
    </Filter>
  </ItemGroup>
  <ItemGroup>
    <ClCompile Include="src\esInterface.cpp">
      <Filter>src</Filter>
    </ClCompile>
    <ClCompile Include="src\esMain.cpp">
      <Filter>src</Filter>
    </ClCompile>
    <ClCompile Include="win_main.cpp">
      <Filter>Resource Files</Filter>
    </ClCompile>
    <ClCompile Include="src\Scene\Scene.cpp">
      <Filter>src\Scene</Filter>
    </ClCompile>
    <ClCompile Include="src\Render\Renderer.cpp">
      <Filter>src\Render</Filter>
    </ClCompile>
    <ClCompile Include="src\Scene\TextureScene.cpp">
      <Filter>src\Scene</Filter>
    </ClCompile>
    <ClCompile Include="src\Scene\TriangleScene.cpp">
      <Filter>src\Scene</Filter>
    </ClCompile>
    <ClCompile Include="src\Scene\FboScene.cpp">
      <Filter>src\Scene</Filter>
    </ClCompile>
    <ClCompile Include="src\Scene\VertexScene.cpp">
      <Filter>src\Scene</Filter>
    </ClCompile>
    <ClCompile Include="src\esShapes.cpp">
      <Filter>src</Filter>
    </ClCompile>
    <ClCompile Include="src\Camera\Camera.cpp">
      <Filter>src\Camera</Filter>
    </ClCompile>
    <ClCompile Include="src\esTransform.cpp">
      <Filter>src</Filter>
    </ClCompile>
    <ClCompile Include="src\Render\Mesh.cpp">
      <Filter>src\Render</Filter>
    </ClCompile>
    <ClCompile Include="src\Base\AcObject.cpp">
      <Filter>src\Base</Filter>
    </ClCompile>
    <ClCompile Include="src\Render\Material.cpp">
      <Filter>src\Render</Filter>
    </ClCompile>
    <ClCompile Include="src\Base\Math.cpp">
      <Filter>src\Base</Filter>
    </ClCompile>
  </ItemGroup>
  <ItemGroup>
    <ClInclude Include="src\esInterface.hpp">
      <Filter>src</Filter>
    </ClInclude>
    <ClInclude Include="src\esUtil.h">
      <Filter>src</Filter>
    </ClInclude>
    <ClInclude Include="src\Scene\Scene.hpp">
      <Filter>src\Scene</Filter>
    </ClInclude>
    <ClInclude Include="src\Scene\TextureScene.h">
      <Filter>src\Scene</Filter>
    </ClInclude>
    <ClInclude Include="src\Render\Renderer.h">
      <Filter>src\Render</Filter>
    </ClInclude>
    <ClInclude Include="src\Scene\FboScene.h">
      <Filter>src\Scene</Filter>
    </ClInclude>
    <ClInclude Include="src\Scene\TriangleScene.h">
      <Filter>src\Scene</Filter>
    </ClInclude>
    <ClInclude Include="src\Scene\VertexScene.h">
      <Filter>src\Scene</Filter>
    </ClInclude>
    <ClInclude Include="src\Camera\Camera.h">
      <Filter>src\Camera</Filter>
    </ClInclude>
    <ClInclude Include="src\Render\Mesh.h">
      <Filter>src\Render</Filter>
    </ClInclude>
    <ClInclude Include="src\Base\AcObject.h">
      <Filter>src\Base</Filter>
    </ClInclude>
    <ClInclude Include="src\Render\Material.h">
      <Filter>src\Render</Filter>
    </ClInclude>
    <ClInclude Include="src\Base\Math.h">
      <Filter>src\Base</Filter>
    </ClInclude>
  </ItemGroup>
</Project>